// !$*UTF8*$!
{
	archiveVersion = 1;
	classes = {
	};
	objectVersion = 77;
	objects = {

/* Begin PBXBuildFile section */
		0E6DD3C614E26B77D11FEB8F /* Pods_Example1Tests.framework in Frameworks */ = {isa = PBXBuildFile; fileRef = 0C9266B0D20E784E68AEC7A0 /* Pods_Example1Tests.framework */; };
		40E195ED4A12CFCA2FC7ED2A /* Pods_Example1_Example1UITests.framework in Frameworks */ = {isa = PBXBuildFile; fileRef = EB87415BBA5E1C95231459E3 /* Pods_Example1_Example1UITests.framework */; };
		5278C10640EAF54091CB301C /* Pods_Example1.framework in Frameworks */ = {isa = PBXBuildFile; fileRef = 91C109906C2BB1413DE3E4A5 /* Pods_Example1.framework */; };
/* End PBXBuildFile section */

/* Begin PBXContainerItemProxy section */
		D59B30642ECC245200B543EA /* PBXContainerItemProxy */ = {
			isa = PBXContainerItemProxy;
			containerPortal = D59B30452ECC245000B543EA /* Project object */;
			proxyType = 1;
			remoteGlobalIDString = D59B304C2ECC245100B543EA;
			remoteInfo = Example1;
		};
		D59B306E2ECC245200B543EA /* PBXContainerItemProxy */ = {
			isa = PBXContainerItemProxy;
			containerPortal = D59B30452ECC245000B543EA /* Project object */;
			proxyType = 1;
			remoteGlobalIDString = D59B304C2ECC245100B543EA;
			remoteInfo = Example1;
		};
/* End PBXContainerItemProxy section */

/* Begin PBXFileReference section */
		0C9266B0D20E784E68AEC7A0 /* Pods_Example1Tests.framework */ = {isa = PBXFileReference; explicitFileType = wrapper.framework; includeInIndex = 0; path = Pods_Example1Tests.framework; sourceTree = BUILT_PRODUCTS_DIR; };
		2CFC96A7E424320253D88E05 /* Pods-Example1Tests.release.xcconfig */ = {isa = PBXFileReference; includeInIndex = 1; lastKnownFileType = text.xcconfig; name = "Pods-Example1Tests.release.xcconfig"; path = "Target Support Files/Pods-Example1Tests/Pods-Example1Tests.release.xcconfig"; sourceTree = "<group>"; };
		596077FA80F74803DBACB045 /* Pods-Example1-Example1UITests.release.xcconfig */ = {isa = PBXFileReference; includeInIndex = 1; lastKnownFileType = text.xcconfig; name = "Pods-Example1-Example1UITests.release.xcconfig"; path = "Target Support Files/Pods-Example1-Example1UITests/Pods-Example1-Example1UITests.release.xcconfig"; sourceTree = "<group>"; };
		5B27A26DF1275B093CD6902B /* Pods-Example1-Example1UITests.debug.xcconfig */ = {isa = PBXFileReference; includeInIndex = 1; lastKnownFileType = text.xcconfig; name = "Pods-Example1-Example1UITests.debug.xcconfig"; path = "Target Support Files/Pods-Example1-Example1UITests/Pods-Example1-Example1UITests.debug.xcconfig"; sourceTree = "<group>"; };
		91C109906C2BB1413DE3E4A5 /* Pods_Example1.framework */ = {isa = PBXFileReference; explicitFileType = wrapper.framework; includeInIndex = 0; path = Pods_Example1.framework; sourceTree = BUILT_PRODUCTS_DIR; };
		AF1A3925F75737901264172B /* Pods-Example1.debug.xcconfig */ = {isa = PBXFileReference; includeInIndex = 1; lastKnownFileType = text.xcconfig; name = "Pods-Example1.debug.xcconfig"; path = "Target Support Files/Pods-Example1/Pods-Example1.debug.xcconfig"; sourceTree = "<group>"; };
		D59B304D2ECC245100B543EA /* Example1.app */ = {isa = PBXFileReference; explicitFileType = wrapper.application; includeInIndex = 0; path = Example1.app; sourceTree = BUILT_PRODUCTS_DIR; };
		D59B30632ECC245200B543EA /* Example1Tests.xctest */ = {isa = PBXFileReference; explicitFileType = wrapper.cfbundle; includeInIndex = 0; path = Example1Tests.xctest; sourceTree = BUILT_PRODUCTS_DIR; };
		D59B306D2ECC245200B543EA /* Example1UITests.xctest */ = {isa = PBXFileReference; explicitFileType = wrapper.cfbundle; includeInIndex = 0; path = Example1UITests.xctest; sourceTree = BUILT_PRODUCTS_DIR; };
		D9C7CF383009A37CAC59FD94 /* Pods-Example1Tests.debug.xcconfig */ = {isa = PBXFileReference; includeInIndex = 1; lastKnownFileType = text.xcconfig; name = "Pods-Example1Tests.debug.xcconfig"; path = "Target Support Files/Pods-Example1Tests/Pods-Example1Tests.debug.xcconfig"; sourceTree = "<group>"; };
		EB39B98F12FB688E202D0C7F /* Pods-Example1.release.xcconfig */ = {isa = PBXFileReference; includeInIndex = 1; lastKnownFileType = text.xcconfig; name = "Pods-Example1.release.xcconfig"; path = "Target Support Files/Pods-Example1/Pods-Example1.release.xcconfig"; sourceTree = "<group>"; };
		EB87415BBA5E1C95231459E3 /* Pods_Example1_Example1UITests.framework */ = {isa = PBXFileReference; explicitFileType = wrapper.framework; includeInIndex = 0; path = Pods_Example1_Example1UITests.framework; sourceTree = BUILT_PRODUCTS_DIR; };
/* End PBXFileReference section */

/* Begin PBXFileSystemSynchronizedBuildFileExceptionSet section */
		D59B30752ECC245200B543EA /* Exceptions for "Example1" folder in "Example1" target */ = {
			isa = PBXFileSystemSynchronizedBuildFileExceptionSet;
			membershipExceptions = (
				Info.plist,
			);
			target = D59B304C2ECC245100B543EA /* Example1 */;
		};
/* End PBXFileSystemSynchronizedBuildFileExceptionSet section */

/* Begin PBXFileSystemSynchronizedRootGroup section */
		D59B304F2ECC245100B543EA /* Example1 */ = {
			isa = PBXFileSystemSynchronizedRootGroup;
			exceptions = (
				D59B30752ECC245200B543EA /* Exceptions for "Example1" folder in "Example1" target */,
			);
			path = Example1;
			sourceTree = "<group>";
		};
		D59B30662ECC245200B543EA /* Example1Tests */ = {
			isa = PBXFileSystemSynchronizedRootGroup;
			exceptions = (
			);
			path = Example1Tests;
			sourceTree = "<group>";
		};
		D59B30702ECC245200B543EA /* Example1UITests */ = {
			isa = PBXFileSystemSynchronizedRootGroup;
			exceptions = (
			);
			path = Example1UITests;
			sourceTree = "<group>";
		};
/* End PBXFileSystemSynchronizedRootGroup section */

/* Begin PBXFrameworksBuildPhase section */
		D59B304A2ECC245100B543EA /* Frameworks */ = {
			isa = PBXFrameworksBuildPhase;
			buildActionMask = 2147483647;
			files = (
				5278C10640EAF54091CB301C /* Pods_Example1.framework in Frameworks */,
			);
			runOnlyForDeploymentPostprocessing = 0;
		};
		D59B30602ECC245200B543EA /* Frameworks */ = {
			isa = PBXFrameworksBuildPhase;
			buildActionMask = 2147483647;
			files = (
				0E6DD3C614E26B77D11FEB8F /* Pods_Example1Tests.framework in Frameworks */,
			);
			runOnlyForDeploymentPostprocessing = 0;
		};
		D59B306A2ECC245200B543EA /* Frameworks */ = {
			isa = PBXFrameworksBuildPhase;
			buildActionMask = 2147483647;
			files = (
				40E195ED4A12CFCA2FC7ED2A /* Pods_Example1_Example1UITests.framework in Frameworks */,
			);
			runOnlyForDeploymentPostprocessing = 0;
		};
/* End PBXFrameworksBuildPhase section */

/* Begin PBXGroup section */
		67DB29EF7A456491DF085A16 /* Frameworks */ = {
			isa = PBXGroup;
			children = (
				91C109906C2BB1413DE3E4A5 /* Pods_Example1.framework */,
				EB87415BBA5E1C95231459E3 /* Pods_Example1_Example1UITests.framework */,
				0C9266B0D20E784E68AEC7A0 /* Pods_Example1Tests.framework */,
			);
			name = Frameworks;
			sourceTree = "<group>";
		};
		BD63CDB0FCAFA54804A60721 /* Pods */ = {
			isa = PBXGroup;
			children = (
				AF1A3925F75737901264172B /* Pods-Example1.debug.xcconfig */,
				EB39B98F12FB688E202D0C7F /* Pods-Example1.release.xcconfig */,
				5B27A26DF1275B093CD6902B /* Pods-Example1-Example1UITests.debug.xcconfig */,
				596077FA80F74803DBACB045 /* Pods-Example1-Example1UITests.release.xcconfig */,
				D9C7CF383009A37CAC59FD94 /* Pods-Example1Tests.debug.xcconfig */,
				2CFC96A7E424320253D88E05 /* Pods-Example1Tests.release.xcconfig */,
			);
			path = Pods;
			sourceTree = "<group>";
		};
		D59B30442ECC245000B543EA = {
			isa = PBXGroup;
			children = (
				D59B304F2ECC245100B543EA /* Example1 */,
				D59B30662ECC245200B543EA /* Example1Tests */,
				D59B30702ECC245200B543EA /* Example1UITests */,
				D59B304E2ECC245100B543EA /* Products */,
				BD63CDB0FCAFA54804A60721 /* Pods */,
				67DB29EF7A456491DF085A16 /* Frameworks */,
			);
			sourceTree = "<group>";
		};
		D59B304E2ECC245100B543EA /* Products */ = {
			isa = PBXGroup;
			children = (
				D59B304D2ECC245100B543EA /* Example1.app */,
				D59B30632ECC245200B543EA /* Example1Tests.xctest */,
				D59B306D2ECC245200B543EA /* Example1UITests.xctest */,
			);
			name = Products;
			sourceTree = "<group>";
		};
/* End PBXGroup section */

/* Begin PBXNativeTarget section */
		D59B304C2ECC245100B543EA /* Example1 */ = {
			isa = PBXNativeTarget;
			buildConfigurationList = D59B30762ECC245200B543EA /* Build configuration list for PBXNativeTarget "Example1" */;
			buildPhases = (
				C96954D9069B0DD5DB2EAAA4 /* [CP] Check Pods Manifest.lock */,
				D59B30492ECC245100B543EA /* Sources */,
				D59B304A2ECC245100B543EA /* Frameworks */,
				D59B304B2ECC245100B543EA /* Resources */,
				A116D736D0D367FD9BDABD4F /* [CP] Embed Pods Frameworks */,
			);
			buildRules = (
			);
			dependencies = (
			);
			fileSystemSynchronizedGroups = (
				D59B304F2ECC245100B543EA /* Example1 */,
			);
			name = Example1;
			productName = Example1;
			productReference = D59B304D2ECC245100B543EA /* Example1.app */;
			productType = "com.apple.product-type.application";
		};
		D59B30622ECC245200B543EA /* Example1Tests */ = {
			isa = PBXNativeTarget;
			buildConfigurationList = D59B307B2ECC245200B543EA /* Build configuration list for PBXNativeTarget "Example1Tests" */;
			buildPhases = (
				5C0C6B68262E7A841EA45D24 /* [CP] Check Pods Manifest.lock */,
				D59B305F2ECC245200B543EA /* Sources */,
				D59B30602ECC245200B543EA /* Frameworks */,
				D59B30612ECC245200B543EA /* Resources */,
			);
			buildRules = (
			);
			dependencies = (
				D59B30652ECC245200B543EA /* PBXTargetDependency */,
			);
			fileSystemSynchronizedGroups = (
				D59B30662ECC245200B543EA /* Example1Tests */,
			);
			name = Example1Tests;
			productName = Example1Tests;
			productReference = D59B30632ECC245200B543EA /* Example1Tests.xctest */;
			productType = "com.apple.product-type.bundle.unit-test";
		};
		D59B306C2ECC245200B543EA /* Example1UITests */ = {
			isa = PBXNativeTarget;
			buildConfigurationList = D59B307E2ECC245200B543EA /* Build configuration list for PBXNativeTarget "Example1UITests" */;
			buildPhases = (
				BBAE87611B77561875BCAAA9 /* [CP] Check Pods Manifest.lock */,
				D59B30692ECC245200B543EA /* Sources */,
				D59B306A2ECC245200B543EA /* Frameworks */,
				D59B306B2ECC245200B543EA /* Resources */,
				A5E157BC120D1BFA89497666 /* [CP] Embed Pods Frameworks */,
			);
			buildRules = (
			);
			dependencies = (
				D59B306F2ECC245200B543EA /* PBXTargetDependency */,
			);
			fileSystemSynchronizedGroups = (
				D59B30702ECC245200B543EA /* Example1UITests */,
			);
			name = Example1UITests;
			productName = Example1UITests;
			productReference = D59B306D2ECC245200B543EA /* Example1UITests.xctest */;
			productType = "com.apple.product-type.bundle.ui-testing";
		};
/* End PBXNativeTarget section */

/* Begin PBXProject section */
		D59B30452ECC245000B543EA /* Project object */ = {
			isa = PBXProject;
			attributes = {
				BuildIndependentTargetsInParallel = 1;
				LastSwiftUpdateCheck = 2600;
				LastUpgradeCheck = 2600;
				TargetAttributes = {
					D59B304C2ECC245100B543EA = {
						CreatedOnToolsVersion = 26.0.1;
					};
					D59B30622ECC245200B543EA = {
						CreatedOnToolsVersion = 26.0.1;
						TestTargetID = D59B304C2ECC245100B543EA;
					};
					D59B306C2ECC245200B543EA = {
						CreatedOnToolsVersion = 26.0.1;
						TestTargetID = D59B304C2ECC245100B543EA;
					};
				};
			};
			buildConfigurationList = D59B30482ECC245000B543EA /* Build configuration list for PBXProject "Example1" */;
			developmentRegion = en;
			hasScannedForEncodings = 0;
			knownRegions = (
				en,
				Base,
			);
			mainGroup = D59B30442ECC245000B543EA;
			minimizedProjectReferenceProxies = 1;
			preferredProjectObjectVersion = 77;
			productRefGroup = D59B304E2ECC245100B543EA /* Products */;
			projectDirPath = "";
			projectRoot = "";
			targets = (
				D59B304C2ECC245100B543EA /* Example1 */,
				D59B30622ECC245200B543EA /* Example1Tests */,
				D59B306C2ECC245200B543EA /* Example1UITests */,
			);
		};
/* End PBXProject section */

/* Begin PBXResourcesBuildPhase section */
		D59B304B2ECC245100B543EA /* Resources */ = {
			isa = PBXResourcesBuildPhase;
			buildActionMask = 2147483647;
			files = (
			);
			runOnlyForDeploymentPostprocessing = 0;
		};
		D59B30612ECC245200B543EA /* Resources */ = {
			isa = PBXResourcesBuildPhase;
			buildActionMask = 2147483647;
			files = (
			);
			runOnlyForDeploymentPostprocessing = 0;
		};
		D59B306B2ECC245200B543EA /* Resources */ = {
			isa = PBXResourcesBuildPhase;
			buildActionMask = 2147483647;
			files = (
			);
			runOnlyForDeploymentPostprocessing = 0;
		};
/* End PBXResourcesBuildPhase section */

/* Begin PBXShellScriptBuildPhase section */
		5C0C6B68262E7A841EA45D24 /* [CP] Check Pods Manifest.lock */ = {
			isa = PBXShellScriptBuildPhase;
			buildActionMask = 2147483647;
			files = (
			);
			inputFileListPaths = (
			);
			inputPaths = (
				"${PODS_PODFILE_DIR_PATH}/Podfile.lock",
				"${PODS_ROOT}/Manifest.lock",
			);
			name = "[CP] Check Pods Manifest.lock";
			outputFileListPaths = (
			);
			outputPaths = (
				"$(DERIVED_FILE_DIR)/Pods-Example1Tests-checkManifestLockResult.txt",
			);
			runOnlyForDeploymentPostprocessing = 0;
			shellPath = /bin/sh;
			shellScript = "diff \"${PODS_PODFILE_DIR_PATH}/Podfile.lock\" \"${PODS_ROOT}/Manifest.lock\" > /dev/null\nif [ $? != 0 ] ; then\n    # print error to STDERR\n    echo \"error: The sandbox is not in sync with the Podfile.lock. Run 'pod install' or update your CocoaPods installation.\" >&2\n    exit 1\nfi\n# This output is used by Xcode 'outputs' to avoid re-running this script phase.\necho \"SUCCESS\" > \"${SCRIPT_OUTPUT_FILE_0}\"\n";
			showEnvVarsInLog = 0;
		};
		A116D736D0D367FD9BDABD4F /* [CP] Embed Pods Frameworks */ = {
			isa = PBXShellScriptBuildPhase;
			buildActionMask = 2147483647;
			files = (
			);
			inputFileListPaths = (
				"${PODS_ROOT}/Target Support Files/Pods-Example1/Pods-Example1-frameworks-${CONFIGURATION}-input-files.xcfilelist",
			);
			name = "[CP] Embed Pods Frameworks";
			outputFileListPaths = (
				"${PODS_ROOT}/Target Support Files/Pods-Example1/Pods-Example1-frameworks-${CONFIGURATION}-output-files.xcfilelist",
			);
			runOnlyForDeploymentPostprocessing = 0;
			shellPath = /bin/sh;
			shellScript = "\"${PODS_ROOT}/Target Support Files/Pods-Example1/Pods-Example1-frameworks.sh\"\n";
			showEnvVarsInLog = 0;
		};
		A5E157BC120D1BFA89497666 /* [CP] Embed Pods Frameworks */ = {
			isa = PBXShellScriptBuildPhase;
			buildActionMask = 2147483647;
			files = (
			);
			inputFileListPaths = (
				"${PODS_ROOT}/Target Support Files/Pods-Example1-Example1UITests/Pods-Example1-Example1UITests-frameworks-${CONFIGURATION}-input-files.xcfilelist",
			);
			name = "[CP] Embed Pods Frameworks";
			outputFileListPaths = (
				"${PODS_ROOT}/Target Support Files/Pods-Example1-Example1UITests/Pods-Example1-Example1UITests-frameworks-${CONFIGURATION}-output-files.xcfilelist",
			);
			runOnlyForDeploymentPostprocessing = 0;
			shellPath = /bin/sh;
			shellScript = "\"${PODS_ROOT}/Target Support Files/Pods-Example1-Example1UITests/Pods-Example1-Example1UITests-frameworks.sh\"\n";
			showEnvVarsInLog = 0;
		};
		BBAE87611B77561875BCAAA9 /* [CP] Check Pods Manifest.lock */ = {
			isa = PBXShellScriptBuildPhase;
			buildActionMask = 2147483647;
			files = (
			);
			inputFileListPaths = (
			);
			inputPaths = (
				"${PODS_PODFILE_DIR_PATH}/Podfile.lock",
				"${PODS_ROOT}/Manifest.lock",
			);
			name = "[CP] Check Pods Manifest.lock";
			outputFileListPaths = (
			);
			outputPaths = (
				"$(DERIVED_FILE_DIR)/Pods-Example1-Example1UITests-checkManifestLockResult.txt",
			);
			runOnlyForDeploymentPostprocessing = 0;
			shellPath = /bin/sh;
			shellScript = "diff \"${PODS_PODFILE_DIR_PATH}/Podfile.lock\" \"${PODS_ROOT}/Manifest.lock\" > /dev/null\nif [ $? != 0 ] ; then\n    # print error to STDERR\n    echo \"error: The sandbox is not in sync with the Podfile.lock. Run 'pod install' or update your CocoaPods installation.\" >&2\n    exit 1\nfi\n# This output is used by Xcode 'outputs' to avoid re-running this script phase.\necho \"SUCCESS\" > \"${SCRIPT_OUTPUT_FILE_0}\"\n";
			showEnvVarsInLog = 0;
		};
		C96954D9069B0DD5DB2EAAA4 /* [CP] Check Pods Manifest.lock */ = {
			isa = PBXShellScriptBuildPhase;
			buildActionMask = 2147483647;
			files = (
			);
			inputFileListPaths = (
			);
			inputPaths = (
				"${PODS_PODFILE_DIR_PATH}/Podfile.lock",
				"${PODS_ROOT}/Manifest.lock",
			);
			name = "[CP] Check Pods Manifest.lock";
			outputFileListPaths = (
			);
			outputPaths = (
				"$(DERIVED_FILE_DIR)/Pods-Example1-checkManifestLockResult.txt",
			);
			runOnlyForDeploymentPostprocessing = 0;
			shellPath = /bin/sh;
			shellScript = "diff \"${PODS_PODFILE_DIR_PATH}/Podfile.lock\" \"${PODS_ROOT}/Manifest.lock\" > /dev/null\nif [ $? != 0 ] ; then\n    # print error to STDERR\n    echo \"error: The sandbox is not in sync with the Podfile.lock. Run 'pod install' or update your CocoaPods installation.\" >&2\n    exit 1\nfi\n# This output is used by Xcode 'outputs' to avoid re-running this script phase.\necho \"SUCCESS\" > \"${SCRIPT_OUTPUT_FILE_0}\"\n";
			showEnvVarsInLog = 0;
		};
/* End PBXShellScriptBuildPhase section */

/* Begin PBXSourcesBuildPhase section */
		D59B30492ECC245100B543EA /* Sources */ = {
			isa = PBXSourcesBuildPhase;
			buildActionMask = 2147483647;
			files = (
			);
			runOnlyForDeploymentPostprocessing = 0;
		};
		D59B305F2ECC245200B543EA /* Sources */ = {
			isa = PBXSourcesBuildPhase;
			buildActionMask = 2147483647;
			files = (
			);
			runOnlyForDeploymentPostprocessing = 0;
		};
		D59B30692ECC245200B543EA /* Sources */ = {
			isa = PBXSourcesBuildPhase;
			buildActionMask = 2147483647;
			files = (
			);
			runOnlyForDeploymentPostprocessing = 0;
		};
/* End PBXSourcesBuildPhase section */

/* Begin PBXTargetDependency section */
		D59B30652ECC245200B543EA /* PBXTargetDependency */ = {
			isa = PBXTargetDependency;
			target = D59B304C2ECC245100B543EA /* Example1 */;
			targetProxy = D59B30642ECC245200B543EA /* PBXContainerItemProxy */;
		};
		D59B306F2ECC245200B543EA /* PBXTargetDependency */ = {
			isa = PBXTargetDependency;
			target = D59B304C2ECC245100B543EA /* Example1 */;
			targetProxy = D59B306E2ECC245200B543EA /* PBXContainerItemProxy */;
		};
/* End PBXTargetDependency section */

/* Begin XCBuildConfiguration section */
		D59B30772ECC245200B543EA /* Debug */ = {
			isa = XCBuildConfiguration;
			baseConfigurationReference = AF1A3925F75737901264172B /* Pods-Example1.debug.xcconfig */;
			buildSettings = {
				ASSETCATALOG_COMPILER_APPICON_NAME = AppIcon;
				ASSETCATALOG_COMPILER_GLOBAL_ACCENT_COLOR_NAME = AccentColor;
				CODE_SIGN_STYLE = Automatic;
				CURRENT_PROJECT_VERSION = 1;
				DEVELOPMENT_TEAM = DTXPQFCR83;
				GENERATE_INFOPLIST_FILE = YES;
				INFOPLIST_FILE = Example1/Info.plist;
				INFOPLIST_KEY_UIApplicationSupportsIndirectInputEvents = YES;
				INFOPLIST_KEY_UILaunchStoryboardName = LaunchScreen;
				INFOPLIST_KEY_UIMainStoryboardFile = Main;
				INFOPLIST_KEY_UISupportedInterfaceOrientations_iPad = "UIInterfaceOrientationPortrait UIInterfaceOrientationPortraitUpsideDown UIInterfaceOrientationLandscapeLeft UIInterfaceOrientationLandscapeRight";
				INFOPLIST_KEY_UISupportedInterfaceOrientations_iPhone = "UIInterfaceOrientationPortrait UIInterfaceOrientationLandscapeLeft UIInterfaceOrientationLandscapeRight";
				IPHONEOS_DEPLOYMENT_TARGET = 26.0;
				LD_RUNPATH_SEARCH_PATHS = (
					"$(inherited)",
					"@executable_path/Frameworks",
				);
				MARKETING_VERSION = 1.0;
				PRODUCT_BUNDLE_IDENTIFIER = com.film.pattaravadee.demo.Example1;
				PRODUCT_NAME = "$(TARGET_NAME)";
				STRING_CATALOG_GENERATE_SYMBOLS = YES;
				SWIFT_APPROACHABLE_CONCURRENCY = YES;
				SWIFT_DEFAULT_ACTOR_ISOLATION = MainActor;
				SWIFT_EMIT_LOC_STRINGS = YES;
				SWIFT_UPCOMING_FEATURE_MEMBER_IMPORT_VISIBILITY = YES;
				SWIFT_VERSION = 5.0;
				TARGETED_DEVICE_FAMILY = "1,2";
			};
			name = Debug;
		};
		D59B30782ECC245200B543EA /* Release */ = {
			isa = XCBuildConfiguration;
			baseConfigurationReference = EB39B98F12FB688E202D0C7F /* Pods-Example1.release.xcconfig */;
			buildSettings = {
				ASSETCATALOG_COMPILER_APPICON_NAME = AppIcon;
				ASSETCATALOG_COMPILER_GLOBAL_ACCENT_COLOR_NAME = AccentColor;
				CODE_SIGN_STYLE = Automatic;
				CURRENT_PROJECT_VERSION = 1;
				DEVELOPMENT_TEAM = DTXPQFCR83;
				GENERATE_INFOPLIST_FILE = YES;
				INFOPLIST_FILE = Example1/Info.plist;
				INFOPLIST_KEY_UIApplicationSupportsIndirectInputEvents = YES;
				INFOPLIST_KEY_UILaunchStoryboardName = LaunchScreen;
				INFOPLIST_KEY_UIMainStoryboardFile = Main;
				INFOPLIST_KEY_UISupportedInterfaceOrientations_iPad = "UIInterfaceOrientationPortrait UIInterfaceOrientationPortraitUpsideDown UIInterfaceOrientationLandscapeLeft UIInterfaceOrientationLandscapeRight";
				INFOPLIST_KEY_UISupportedInterfaceOrientations_iPhone = "UIInterfaceOrientationPortrait UIInterfaceOrientationLandscapeLeft UIInterfaceOrientationLandscapeRight";
				IPHONEOS_DEPLOYMENT_TARGET = 26.0;
				LD_RUNPATH_SEARCH_PATHS = (
					"$(inherited)",
					"@executable_path/Frameworks",
				);
				MARKETING_VERSION = 1.0;
				PRODUCT_BUNDLE_IDENTIFIER = com.film.pattaravadee.demo.Example1;
				PRODUCT_NAME = "$(TARGET_NAME)";
				STRING_CATALOG_GENERATE_SYMBOLS = YES;
				SWIFT_APPROACHABLE_CONCURRENCY = YES;
				SWIFT_DEFAULT_ACTOR_ISOLATION = MainActor;
				SWIFT_EMIT_LOC_STRINGS = YES;
				SWIFT_UPCOMING_FEATURE_MEMBER_IMPORT_VISIBILITY = YES;
				SWIFT_VERSION = 5.0;
				TARGETED_DEVICE_FAMILY = "1,2";
			};
			name = Release;
		};
		D59B30792ECC245200B543EA /* Debug */ = {
			isa = XCBuildConfiguration;
			buildSettings = {
				ALWAYS_SEARCH_USER_PATHS = NO;
				ASSETCATALOG_COMPILER_GENERATE_SWIFT_ASSET_SYMBOL_EXTENSIONS = YES;
				CLANG_ANALYZER_NONNULL = YES;
				CLANG_ANALYZER_NUMBER_OBJECT_CONVERSION = YES_AGGRESSIVE;
				CLANG_CXX_LANGUAGE_STANDARD = "gnu++20";
				CLANG_ENABLE_MODULES = YES;
				CLANG_ENABLE_OBJC_ARC = YES;
				CLANG_ENABLE_OBJC_WEAK = YES;
				CLANG_WARN_BLOCK_CAPTURE_AUTORELEASING = YES;
				CLANG_WARN_BOOL_CONVERSION = YES;
				CLANG_WARN_COMMA = YES;
				CLANG_WARN_CONSTANT_CONVERSION = YES;
				CLANG_WARN_DEPRECATED_OBJC_IMPLEMENTATIONS = YES;
				CLANG_WARN_DIRECT_OBJC_ISA_USAGE = YES_ERROR;
				CLANG_WARN_DOCUMENTATION_COMMENTS = YES;
				CLANG_WARN_EMPTY_BODY = YES;
				CLANG_WARN_ENUM_CONVERSION = YES;
				CLANG_WARN_INFINITE_RECURSION = YES;
				CLANG_WARN_INT_CONVERSION = YES;
				CLANG_WARN_NON_LITERAL_NULL_CONVERSION = YES;
				CLANG_WARN_OBJC_IMPLICIT_RETAIN_SELF = YES;
				CLANG_WARN_OBJC_LITERAL_CONVERSION = YES;
				CLANG_WARN_OBJC_ROOT_CLASS = YES_ERROR;
				CLANG_WARN_QUOTED_INCLUDE_IN_FRAMEWORK_HEADER = YES;
				CLANG_WARN_RANGE_LOOP_ANALYSIS = YES;
				CLANG_WARN_STRICT_PROTOTYPES = YES;
				CLANG_WARN_SUSPICIOUS_MOVE = YES;
				CLANG_WARN_UNGUARDED_AVAILABILITY = YES_AGGRESSIVE;
				CLANG_WARN_UNREACHABLE_CODE = YES;
				CLANG_WARN__DUPLICATE_METHOD_MATCH = YES;
				COPY_PHASE_STRIP = NO;
				DEBUG_INFORMATION_FORMAT = dwarf;
				DEVELOPMENT_TEAM = DTXPQFCR83;
				ENABLE_STRICT_OBJC_MSGSEND = YES;
				ENABLE_TESTABILITY = YES;
				ENABLE_USER_SCRIPT_SANDBOXING = YES;
				GCC_C_LANGUAGE_STANDARD = gnu17;
				GCC_DYNAMIC_NO_PIC = NO;
				GCC_NO_COMMON_BLOCKS = YES;
				GCC_OPTIMIZATION_LEVEL = 0;
				GCC_PREPROCESSOR_DEFINITIONS = (
					"DEBUG=1",
					"$(inherited)",
				);
				GCC_WARN_64_TO_32_BIT_CONVERSION = YES;
				GCC_WARN_ABOUT_RETURN_TYPE = YES_ERROR;
				GCC_WARN_UNDECLARED_SELECTOR = YES;
				GCC_WARN_UNINITIALIZED_AUTOS = YES_AGGRESSIVE;
				GCC_WARN_UNUSED_FUNCTION = YES;
				GCC_WARN_UNUSED_VARIABLE = YES;
				IPHONEOS_DEPLOYMENT_TARGET = 26.0;
				LOCALIZATION_PREFERS_STRING_CATALOGS = YES;
				MTL_ENABLE_DEBUG_INFO = INCLUDE_SOURCE;
				MTL_FAST_MATH = YES;
				ONLY_ACTIVE_ARCH = YES;
				SDKROOT = iphoneos;
				SWIFT_ACTIVE_COMPILATION_CONDITIONS = "DEBUG $(inherited)";
				SWIFT_OPTIMIZATION_LEVEL = "-Onone";
			};
			name = Debug;
		};
		D59B307A2ECC245200B543EA /* Release */ = {
			isa = XCBuildConfiguration;
			buildSettings = {
				ALWAYS_SEARCH_USER_PATHS = NO;
				ASSETCATALOG_COMPILER_GENERATE_SWIFT_ASSET_SYMBOL_EXTENSIONS = YES;
				CLANG_ANALYZER_NONNULL = YES;
				CLANG_ANALYZER_NUMBER_OBJECT_CONVERSION = YES_AGGRESSIVE;
				CLANG_CXX_LANGUAGE_STANDARD = "gnu++20";
				CLANG_ENABLE_MODULES = YES;
				CLANG_ENABLE_OBJC_ARC = YES;
				CLANG_ENABLE_OBJC_WEAK = YES;
				CLANG_WARN_BLOCK_CAPTURE_AUTORELEASING = YES;
				CLANG_WARN_BOOL_CONVERSION = YES;
				CLANG_WARN_COMMA = YES;
				CLANG_WARN_CONSTANT_CONVERSION = YES;
				CLANG_WARN_DEPRECATED_OBJC_IMPLEMENTATIONS = YES;
				CLANG_WARN_DIRECT_OBJC_ISA_USAGE = YES_ERROR;
				CLANG_WARN_DOCUMENTATION_COMMENTS = YES;
				CLANG_WARN_EMPTY_BODY = YES;
				CLANG_WARN_ENUM_CONVERSION = YES;
				CLANG_WARN_INFINITE_RECURSION = YES;
				CLANG_WARN_INT_CONVERSION = YES;
				CLANG_WARN_NON_LITERAL_NULL_CONVERSION = YES;
				CLANG_WARN_OBJC_IMPLICIT_RETAIN_SELF = YES;
				CLANG_WARN_OBJC_LITERAL_CONVERSION = YES;
				CLANG_WARN_OBJC_ROOT_CLASS = YES_ERROR;
				CLANG_WARN_QUOTED_INCLUDE_IN_FRAMEWORK_HEADER = YES;
				CLANG_WARN_RANGE_LOOP_ANALYSIS = YES;
				CLANG_WARN_STRICT_PROTOTYPES = YES;
				CLANG_WARN_SUSPICIOUS_MOVE = YES;
				CLANG_WARN_UNGUARDED_AVAILABILITY = YES_AGGRESSIVE;
				CLANG_WARN_UNREACHABLE_CODE = YES;
				CLANG_WARN__DUPLICATE_METHOD_MATCH = YES;
				COPY_PHASE_STRIP = NO;
				DEBUG_INFORMATION_FORMAT = "dwarf-with-dsym";
				DEVELOPMENT_TEAM = DTXPQFCR83;
				ENABLE_NS_ASSERTIONS = NO;
				ENABLE_STRICT_OBJC_MSGSEND = YES;
				ENABLE_USER_SCRIPT_SANDBOXING = YES;
				GCC_C_LANGUAGE_STANDARD = gnu17;
				GCC_NO_COMMON_BLOCKS = YES;
				GCC_WARN_64_TO_32_BIT_CONVERSION = YES;
				GCC_WARN_ABOUT_RETURN_TYPE = YES_ERROR;
				GCC_WARN_UNDECLARED_SELECTOR = YES;
				GCC_WARN_UNINITIALIZED_AUTOS = YES_AGGRESSIVE;
				GCC_WARN_UNUSED_FUNCTION = YES;
				GCC_WARN_UNUSED_VARIABLE = YES;
				IPHONEOS_DEPLOYMENT_TARGET = 26.0;
				LOCALIZATION_PREFERS_STRING_CATALOGS = YES;
				MTL_ENABLE_DEBUG_INFO = NO;
				MTL_FAST_MATH = YES;
				SDKROOT = iphoneos;
				SWIFT_COMPILATION_MODE = wholemodule;
				VALIDATE_PRODUCT = YES;
			};
			name = Release;
		};
		D59B307C2ECC245200B543EA /* Debug */ = {
			isa = XCBuildConfiguration;
			baseConfigurationReference = D9C7CF383009A37CAC59FD94 /* Pods-Example1Tests.debug.xcconfig */;
			buildSettings = {
				BUNDLE_LOADER = "$(TEST_HOST)";
				CODE_SIGN_STYLE = Automatic;
				CURRENT_PROJECT_VERSION = 1;
				DEVELOPMENT_TEAM = DTXPQFCR83;
				GENERATE_INFOPLIST_FILE = YES;
				IPHONEOS_DEPLOYMENT_TARGET = 26.0;
				MARKETING_VERSION = 1.0;
				PRODUCT_BUNDLE_IDENTIFIER = com.film.pattaravadee.demo.Example1Tests;
				PRODUCT_NAME = "$(TARGET_NAME)";
				STRING_CATALOG_GENERATE_SYMBOLS = NO;
				SWIFT_APPROACHABLE_CONCURRENCY = YES;
				SWIFT_EMIT_LOC_STRINGS = NO;
				SWIFT_UPCOMING_FEATURE_MEMBER_IMPORT_VISIBILITY = YES;
				SWIFT_VERSION = 5.0;
				TARGETED_DEVICE_FAMILY = "1,2";
				TEST_HOST = "$(BUILT_PRODUCTS_DIR)/Example1.app/$(BUNDLE_EXECUTABLE_FOLDER_PATH)/Example1";
			};
			name = Debug;
		};
		D59B307D2ECC245200B543EA /* Release */ = {
			isa = XCBuildConfiguration;
			baseConfigurationReference = 2CFC96A7E424320253D88E05 /* Pods-Example1Tests.release.xcconfig */;
			buildSettings = {
				BUNDLE_LOADER = "$(TEST_HOST)";
				CODE_SIGN_STYLE = Automatic;
				CURRENT_PROJECT_VERSION = 1;
				DEVELOPMENT_TEAM = DTXPQFCR83;
				GENERATE_INFOPLIST_FILE = YES;
				IPHONEOS_DEPLOYMENT_TARGET = 26.0;
				MARKETING_VERSION = 1.0;
				PRODUCT_BUNDLE_IDENTIFIER = com.film.pattaravadee.demo.Example1Tests;
				PRODUCT_NAME = "$(TARGET_NAME)";
				STRING_CATALOG_GENERATE_SYMBOLS = NO;
				SWIFT_APPROACHABLE_CONCURRENCY = YES;
				SWIFT_EMIT_LOC_STRINGS = NO;
				SWIFT_UPCOMING_FEATURE_MEMBER_IMPORT_VISIBILITY = YES;
				SWIFT_VERSION = 5.0;
				TARGETED_DEVICE_FAMILY = "1,2";
				TEST_HOST = "$(BUILT_PRODUCTS_DIR)/Example1.app/$(BUNDLE_EXECUTABLE_FOLDER_PATH)/Example1";
			};
			name = Release;
		};
		D59B307F2ECC245200B543EA /* Debug */ = {
			isa = XCBuildConfiguration;
			baseConfigurationReference = 5B27A26DF1275B093CD6902B /* Pods-Example1-Example1UITests.debug.xcconfig */;
			buildSettings = {
				CODE_SIGN_STYLE = Automatic;
				CURRENT_PROJECT_VERSION = 1;
				DEVELOPMENT_TEAM = DTXPQFCR83;
				GENERATE_INFOPLIST_FILE = YES;
				MARKETING_VERSION = 1.0;
				PRODUCT_BUNDLE_IDENTIFIER = com.film.pattaravadee.demo.Example1UITests;
				PRODUCT_NAME = "$(TARGET_NAME)";
				STRING_CATALOG_GENERATE_SYMBOLS = NO;
				SWIFT_APPROACHABLE_CONCURRENCY = YES;
				SWIFT_EMIT_LOC_STRINGS = NO;
				SWIFT_UPCOMING_FEATURE_MEMBER_IMPORT_VISIBILITY = YES;
				SWIFT_VERSION = 5.0;
				TARGETED_DEVICE_FAMILY = "1,2";
				TEST_TARGET_NAME = Example1;
			};
			name = Debug;
		};
		D59B30802ECC245200B543EA /* Release */ = {
			isa = XCBuildConfiguration;
			baseConfigurationReference = 596077FA80F74803DBACB045 /* Pods-Example1-Example1UITests.release.xcconfig */;
			buildSettings = {
				CODE_SIGN_STYLE = Automatic;
				CURRENT_PROJECT_VERSION = 1;
				DEVELOPMENT_TEAM = DTXPQFCR83;
				GENERATE_INFOPLIST_FILE = YES;
				MARKETING_VERSION = 1.0;
				PRODUCT_BUNDLE_IDENTIFIER = com.film.pattaravadee.demo.Example1UITests;
				PRODUCT_NAME = "$(TARGET_NAME)";
				STRING_CATALOG_GENERATE_SYMBOLS = NO;
				SWIFT_APPROACHABLE_CONCURRENCY = YES;
				SWIFT_EMIT_LOC_STRINGS = NO;
				SWIFT_UPCOMING_FEATURE_MEMBER_IMPORT_VISIBILITY = YES;
				SWIFT_VERSION = 5.0;
				TARGETED_DEVICE_FAMILY = "1,2";
				TEST_TARGET_NAME = Example1;
			};
			name = Release;
		};
/* End XCBuildConfiguration section */

/* Begin XCConfigurationList section */
		D59B30482ECC245000B543EA /* Build configuration list for PBXProject "Example1" */ = {
			isa = XCConfigurationList;
			buildConfigurations = (
				D59B30792ECC245200B543EA /* Debug */,
				D59B307A2ECC245200B543EA /* Release */,
			);
			defaultConfigurationIsVisible = 0;
			defaultConfigurationName = Release;
		};
		D59B30762ECC245200B543EA /* Build configuration list for PBXNativeTarget "Example1" */ = {
			isa = XCConfigurationList;
			buildConfigurations = (
				D59B30772ECC245200B543EA /* Debug */,
				D59B30782ECC245200B543EA /* Release */,
			);
			defaultConfigurationIsVisible = 0;
			defaultConfigurationName = Release;
		};
		D59B307B2ECC245200B543EA /* Build configuration list for PBXNativeTarget "Example1Tests" */ = {
			isa = XCConfigurationList;
			buildConfigurations = (
				D59B307C2ECC245200B543EA /* Debug */,
				D59B307D2ECC245200B543EA /* Release */,
			);
			defaultConfigurationIsVisible = 0;
			defaultConfigurationName = Release;
		};
		D59B307E2ECC245200B543EA /* Build configuration list for PBXNativeTarget "Example1UITests" */ = {
			isa = XCConfigurationList;
			buildConfigurations = (
				D59B307F2ECC245200B543EA /* Debug */,
				D59B30802ECC245200B543EA /* Release */,
			);
			defaultConfigurationIsVisible = 0;
			defaultConfigurationName = Release;
		};
/* End XCConfigurationList section */
	};
	rootObject = D59B30452ECC245000B543EA /* Project object */;
}
